
Microsoft Visual Studio Solution File, Format Version 12.00
# Visual Studio Version 16
VisualStudioVersion = 16.0.30717.126
MinimumVisualStudioVersion = 10.0.40219.1
Project("{FAE04EC0-301F-11D3-BF4B-00C04F79EFBC}") = "APISND", "APISND\APISND.csproj", "{AED3BCD5-CB33-4151-988F-E893B0B89488}"
EndProject
Global
	GlobalSection(SolutionConfigurationPlatforms) = preSolution
		Debug|Any CPU = Debug|Any CPU
		Release|Any CPU = Release|Any CPU
	EndGlobalSection
	GlobalSection(ProjectConfigurationPlatforms) = postSolution
		{AED3BCD5-CB33-4151-988F-E893B0B89488}.Debug|Any CPU.ActiveCfg = Debug|Any CPU
		{AED3BCD5-CB33-4151-988F-E893B0B89488}.Debug|Any CPU.Build.0 = Debug|Any CPU
		{AED3BCD5-CB33-4151-988F-E893B0B89488}.Release|Any CPU.ActiveCfg = Release|Any CPU
		{AED3BCD5-CB33-4151-988F-E893B0B89488}.Release|Any CPU.Build.0 = Release|Any CPU
	EndGlobalSection
	GlobalSection(SolutionProperties) = preSolution
		HideSolutionNode = FALSE
	EndGlobalSection
	GlobalSection(ExtensibilityGlobals) = postSolution
		SolutionGuid = {80389FF6-8483-4808-8225-DD6A6DE23379}
	EndGlobalSection
EndGlobal
